
Microsoft Visual Studio Solution File, Format Version 12.00
# Visual Studio Version 16
VisualStudioVersion = 16.0.31702.278
MinimumVisualStudioVersion = 10.0.40219.1
Project("{FAE04EC0-301F-11D3-BF4B-00C04F79EFBC}") = "EvenOrOdd", "EvenOrOdd\EvenOrOdd.csproj", "{87F68160-42C5-4443-BA71-E71128E1F480}"
EndProject
Global
	GlobalSection(SolutionConfigurationPlatforms) = preSolution
		Debug|Any CPU = Debug|Any CPU
		Release|Any CPU = Release|Any CPU
	EndGlobalSection
	GlobalSection(ProjectConfigurationPlatforms) = postSolution
		{87F68160-42C5-4443-BA71-E71128E1F480}.Debug|Any CPU.ActiveCfg = Debug|Any CPU
		{87F68160-42C5-4443-BA71-E71128E1F480}.Debug|Any CPU.Build.0 = Debug|Any CPU
		{87F68160-42C5-4443-BA71-E71128E1F480}.Release|Any CPU.ActiveCfg = Release|Any CPU
		{87F68160-42C5-4443-BA71-E71128E1F480}.Release|Any CPU.Build.0 = Release|Any CPU
	EndGlobalSection
	GlobalSection(SolutionProperties) = preSolution
		HideSolutionNode = FALSE
	EndGlobalSection
	GlobalSection(ExtensibilityGlobals) = postSolution
		SolutionGuid = {F1337E4F-DA4E-4719-8E0F-C08F04F616B4}
	EndGlobalSection
EndGlobal
